
Microsoft Visual Studio Solution File, Format Version 12.00
# Visual Studio Version 16
VisualStudioVersion = 16.0.30621.155
MinimumVisualStudioVersion = 10.0.40219.1
Project("{FAE04EC0-301F-11D3-BF4B-00C04F79EFBC}") = "Task1", "Task1\Task1.csproj", "{02322E52-7D2C-409D-9DFD-BA41AF9803A0}"
EndProject
Project("{FAE04EC0-301F-11D3-BF4B-00C04F79EFBC}") = "Files", "..\VCS\Files\Files.csproj", "{0104C133-0F75-482E-A7D9-E051E168635A}"
EndProject
Global
	GlobalSection(SolutionConfigurationPlatforms) = preSolution
		Debug|Any CPU = Debug|Any CPU
		Release|Any CPU = Release|Any CPU
	EndGlobalSection
	GlobalSection(ProjectConfigurationPlatforms) = postSolution
		{02322E52-7D2C-409D-9DFD-BA41AF9803A0}.Debug|Any CPU.ActiveCfg = Debug|Any CPU
		{02322E52-7D2C-409D-9DFD-BA41AF9803A0}.Debug|Any CPU.Build.0 = Debug|Any CPU
		{02322E52-7D2C-409D-9DFD-BA41AF9803A0}.Release|Any CPU.ActiveCfg = Release|Any CPU
		{02322E52-7D2C-409D-9DFD-BA41AF9803A0}.Release|Any CPU.Build.0 = Release|Any CPU
		{0104C133-0F75-482E-A7D9-E051E168635A}.Debug|Any CPU.ActiveCfg = Debug|Any CPU
		{0104C133-0F75-482E-A7D9-E051E168635A}.Debug|Any CPU.Build.0 = Debug|Any CPU
		{0104C133-0F75-482E-A7D9-E051E168635A}.Release|Any CPU.ActiveCfg = Release|Any CPU
		{0104C133-0F75-482E-A7D9-E051E168635A}.Release|Any CPU.Build.0 = Release|Any CPU
	EndGlobalSection
	GlobalSection(SolutionProperties) = preSolution
		HideSolutionNode = FALSE
	EndGlobalSection
	GlobalSection(ExtensibilityGlobals) = postSolution
		SolutionGuid = {809C4A3A-A3B5-4884-A83A-F4DF98D12BA8}
	EndGlobalSection
EndGlobal
